Microsoft Visual Studio Solution File, Format Version 12.00
# Visual Studio Version 17
VisualStudioVersion = 17.0.31903.59
MinimumVisualStudioVersion = 10.0.40219.1
Project("{FAE04EC0-301F-11D3-BF4B-00C04F79EFBC}") = "RevitAddin", "RevitAddin\RevitAddin.csproj", "{A1F9D1D8-7B72-4DB7-9DB0-1C2A26DBA101}"
EndProject
Project("{FAE04EC0-301F-11D3-BF4B-00C04F79EFBC}") = "AiProxy", "AiProxy\AiProxy.csproj", "{B2EAE5AA-39DF-4A1C-9E05-4E8CF7EA4202}"
EndProject
Project("{FAE04EC0-301F-11D3-BF4B-00C04F79EFBC}") = "AiProxy.Desktop", "AiProxy.Desktop\AiProxy.Desktop.csproj", "{C3F1B6E3-3A73-4B31-9C58-2CF8E2F4D803}"
EndProject
Global
	GlobalSection(SolutionConfigurationPlatforms) = preSolution
		Debug|Any CPU = Debug|Any CPU
		Release|Any CPU = Release|Any CPU
	EndGlobalSection
	GlobalSection(ProjectConfigurationPlatforms) = postSolution
		{A1F9D1D8-7B72-4DB7-9DB0-1C2A26DBA101}.Debug|Any CPU.ActiveCfg = Debug|Any CPU
		{A1F9D1D8-7B72-4DB7-9DB0-1C2A26DBA101}.Debug|Any CPU.Build.0 = Debug|Any CPU
		{A1F9D1D8-7B72-4DB7-9DB0-1C2A26DBA101}.Release|Any CPU.ActiveCfg = Release|Any CPU
		{A1F9D1D8-7B72-4DB7-9DB0-1C2A26DBA101}.Release|Any CPU.Build.0 = Release|Any CPU
		{B2EAE5AA-39DF-4A1C-9E05-4E8CF7EA4202}.Debug|Any CPU.ActiveCfg = Debug|Any CPU
		{B2EAE5AA-39DF-4A1C-9E05-4E8CF7EA4202}.Debug|Any CPU.Build.0 = Debug|Any CPU
		{B2EAE5AA-39DF-4A1C-9E05-4E8CF7EA4202}.Release|Any CPU.ActiveCfg = Release|Any CPU
		{B2EAE5AA-39DF-4A1C-9E05-4E8CF7EA4202}.Release|Any CPU.Build.0 = Release|Any CPU
		{C3F1B6E3-3A73-4B31-9C58-2CF8E2F4D803}.Debug|Any CPU.ActiveCfg = Debug|Any CPU
		{C3F1B6E3-3A73-4B31-9C58-2CF8E2F4D803}.Debug|Any CPU.Build.0 = Debug|Any CPU
		{C3F1B6E3-3A73-4B31-9C58-2CF8E2F4D803}.Release|Any CPU.ActiveCfg = Release|Any CPU
		{C3F1B6E3-3A73-4B31-9C58-2CF8E2F4D803}.Release|Any CPU.Build.0 = Release|Any CPU
	EndGlobalSection
	GlobalSection(SolutionProperties) = preSolution
		HideSolutionNode = FALSE
	EndGlobalSection
EndGlobal
